
Microsoft Visual Studio Solution File, Format Version 12.00
# Visual Studio Version 18
VisualStudioVersion = 18.0.11222.15 d18.0
MinimumVisualStudioVersion = 10.0.40219.1
Project("{FAE04EC0-301F-11D3-BF4B-00C04F79EFBC}") = "DatasetSharingPlatform.Api", "DatasetSharingPlatform.Api\DatasetSharingPlatform.Api.csproj", "{9EBA09C2-074D-463F-AFF7-9235786AC873}"
EndProject
Project("{E24C65DC-7377-472B-9ABA-BC803B73C61A}") = "frontend", "frontend\", "{8ED4FB24-120F-49C3-B0E3-212794D47CD0}"
	ProjectSection(WebsiteProperties) = preProject
		TargetFrameworkMoniker = ".NETFramework,Version%3Dv4.8"
		Debug.AspNetCompiler.VirtualPath = "/localhost_55386"
		Debug.AspNetCompiler.PhysicalPath = "frontend\"
		Debug.AspNetCompiler.TargetPath = "PrecompiledWeb\localhost_55386\"
		Debug.AspNetCompiler.Updateable = "true"
		Debug.AspNetCompiler.ForceOverwrite = "true"
		Debug.AspNetCompiler.FixedNames = "false"
		Debug.AspNetCompiler.Debug = "True"
		Release.AspNetCompiler.VirtualPath = "/localhost_55386"
		Release.AspNetCompiler.PhysicalPath = "frontend\"
		Release.AspNetCompiler.TargetPath = "PrecompiledWeb\localhost_55386\"
		Release.AspNetCompiler.Updateable = "true"
		Release.AspNetCompiler.ForceOverwrite = "true"
		Release.AspNetCompiler.FixedNames = "false"
		Release.AspNetCompiler.Debug = "False"
		VWDPort = "55386"
		SlnRelativePath = "frontend\"
	EndProjectSection
EndProject
Global
	GlobalSection(SolutionConfigurationPlatforms) = preSolution
		Debug|Any CPU = Debug|Any CPU
		Release|Any CPU = Release|Any CPU
	EndGlobalSection
	GlobalSection(ProjectConfigurationPlatforms) = postSolution
		{9EBA09C2-074D-463F-AFF7-9235786AC873}.Debug|Any CPU.ActiveCfg = Debug|Any CPU
		{9EBA09C2-074D-463F-AFF7-9235786AC873}.Debug|Any CPU.Build.0 = Debug|Any CPU
		{9EBA09C2-074D-463F-AFF7-9235786AC873}.Release|Any CPU.ActiveCfg = Release|Any CPU
		{9EBA09C2-074D-463F-AFF7-9235786AC873}.Release|Any CPU.Build.0 = Release|Any CPU
		{8ED4FB24-120F-49C3-B0E3-212794D47CD0}.Debug|Any CPU.ActiveCfg = Debug|Any CPU
		{8ED4FB24-120F-49C3-B0E3-212794D47CD0}.Debug|Any CPU.Build.0 = Debug|Any CPU
		{8ED4FB24-120F-49C3-B0E3-212794D47CD0}.Release|Any CPU.ActiveCfg = Debug|Any CPU
		{8ED4FB24-120F-49C3-B0E3-212794D47CD0}.Release|Any CPU.Build.0 = Debug|Any CPU
	EndGlobalSection
	GlobalSection(SolutionProperties) = preSolution
		HideSolutionNode = FALSE
	EndGlobalSection
EndGlobal
